// !$*UTF8*$!
{
	archiveVersion = 1;
	classes = {
	};
	objectVersion = 55;
	objects = {

/* Begin PBXBuildFile section */
		43E86AF128757457007C8501 /* AppDelegate.swift in Sources */ = {isa = PBXBuildFile; fileRef = 43E86AF028757457007C8501 /* AppDelegate.swift */; };
		43E86AF328757457007C8501 /* SceneDelegate.swift in Sources */ = {isa = PBXBuildFile; fileRef = 43E86AF228757457007C8501 /* SceneDelegate.swift */; };
		43E86AF528757457007C8501 /* ViewController.swift in Sources */ = {isa = PBXBuildFile; fileRef = 43E86AF428757457007C8501 /* ViewController.swift */; };
		43E86AF828757457007C8501 /* Main.storyboard in Resources */ = {isa = PBXBuildFile; fileRef = 43E86AF628757457007C8501 /* Main.storyboard */; };
		43E86AFA2875747A007C8501 /* Assets.xcassets in Resources */ = {isa = PBXBuildFile; fileRef = 43E86AF92875747A007C8501 /* Assets.xcassets */; };
		43E86AFD2875747A007C8501 /* LaunchScreen.storyboard in Resources */ = {isa = PBXBuildFile; fileRef = 43E86AFB2875747A007C8501 /* LaunchScreen.storyboard */; };
		43E86B082875747B007C8501 /* CasinoSpinTests.swift in Sources */ = {isa = PBXBuildFile; fileRef = 43E86B072875747B007C8501 /* CasinoSpinTests.swift */; };
		43E86B122875747C007C8501 /* CasinoSpinUITests.swift in Sources */ = {isa = PBXBuildFile; fileRef = 43E86B112875747C007C8501 /* CasinoSpinUITests.swift */; };
		43E86B142875747C007C8501 /* CasinoSpinUITestsLaunchTests.swift in Sources */ = {isa = PBXBuildFile; fileRef = 43E86B132875747C007C8501 /* CasinoSpinUITestsLaunchTests.swift */; };
		43E86B252875778A007C8501 /* ViewController_old.swift in Sources */ = {isa = PBXBuildFile; fileRef = 43E86B2028757788007C8501 /* ViewController_old.swift */; };
		43E86B262875778A007C8501 /* spin.wav in Resources */ = {isa = PBXBuildFile; fileRef = 43E86B2128757789007C8501 /* spin.wav */; };
		43E86B272875778A007C8501 /* win.wav in Resources */ = {isa = PBXBuildFile; fileRef = 43E86B2228757789007C8501 /* win.wav */; };
		43E86B282875778A007C8501 /* Model.swift in Sources */ = {isa = PBXBuildFile; fileRef = 43E86B2328757789007C8501 /* Model.swift */; };
		43E86B292875778A007C8501 /* Utils.swift in Sources */ = {isa = PBXBuildFile; fileRef = 43E86B2428757789007C8501 /* Utils.swift */; };
/* End PBXBuildFile section */

/* Begin PBXContainerItemProxy section */
		43E86B042875747B007C8501 /* PBXContainerItemProxy */ = {
			isa = PBXContainerItemProxy;
			containerPortal = 43E86AE528757456007C8501 /* Project object */;
			proxyType = 1;
			remoteGlobalIDString = 43E86AEC28757457007C8501;
			remoteInfo = CasinoSpin;
		};
		43E86B0E2875747C007C8501 /* PBXContainerItemProxy */ = {
			isa = PBXContainerItemProxy;
			containerPortal = 43E86AE528757456007C8501 /* Project object */;
			proxyType = 1;
			remoteGlobalIDString = 43E86AEC28757457007C8501;
			remoteInfo = CasinoSpin;
		};
/* End PBXContainerItemProxy section */

/* Begin PBXFileReference section */
		43E86AED28757457007C8501 /* CasinoSpin.app */ = {isa = PBXFileReference; explicitFileType = wrapper.application; includeInIndex = 0; path = CasinoSpin.app; sourceTree = BUILT_PRODUCTS_DIR; };
		43E86AF028757457007C8501 /* AppDelegate.swift */ = {isa = PBXFileReference; lastKnownFileType = sourcecode.swift; path = AppDelegate.swift; sourceTree = "<group>"; };
		43E86AF228757457007C8501 /* SceneDelegate.swift */ = {isa = PBXFileReference; lastKnownFileType = sourcecode.swift; path = SceneDelegate.swift; sourceTree = "<group>"; };
		43E86AF428757457007C8501 /* ViewController.swift */ = {isa = PBXFileReference; lastKnownFileType = sourcecode.swift; path = ViewController.swift; sourceTree = "<group>"; };
		43E86AF728757457007C8501 /* Base */ = {isa = PBXFileReference; lastKnownFileType = file.storyboard; name = Base; path = Base.lproj/Main.storyboard; sourceTree = "<group>"; };
		43E86AF92875747A007C8501 /* Assets.xcassets */ = {isa = PBXFileReference; lastKnownFileType = folder.assetcatalog; path = Assets.xcassets; sourceTree = "<group>"; };
		43E86AFC2875747A007C8501 /* Base */ = {isa = PBXFileReference; lastKnownFileType = file.storyboard; name = Base; path = Base.lproj/LaunchScreen.storyboard; sourceTree = "<group>"; };
		43E86AFE2875747A007C8501 /* Info.plist */ = {isa = PBXFileReference; lastKnownFileType = text.plist.xml; path = Info.plist; sourceTree = "<group>"; };
		43E86B032875747B007C8501 /* CasinoSpinTests.xctest */ = {isa = PBXFileReference; explicitFileType = wrapper.cfbundle; includeInIndex = 0; path = CasinoSpinTests.xctest; sourceTree = BUILT_PRODUCTS_DIR; };
		43E86B072875747B007C8501 /* CasinoSpinTests.swift */ = {isa = PBXFileReference; lastKnownFileType = sourcecode.swift; path = CasinoSpinTests.swift; sourceTree = "<group>"; };
		43E86B0D2875747C007C8501 /* CasinoSpinUITests.xctest */ = {isa = PBXFileReference; explicitFileType = wrapper.cfbundle; includeInIndex = 0; path = CasinoSpinUITests.xctest; sourceTree = BUILT_PRODUCTS_DIR; };
		43E86B112875747C007C8501 /* CasinoSpinUITests.swift */ = {isa = PBXFileReference; lastKnownFileType = sourcecode.swift; path = CasinoSpinUITests.swift; sourceTree = "<group>"; };
		43E86B132875747C007C8501 /* CasinoSpinUITestsLaunchTests.swift */ = {isa = PBXFileReference; lastKnownFileType = sourcecode.swift; path = CasinoSpinUITestsLaunchTests.swift; sourceTree = "<group>"; };
		43E86B2028757788007C8501 /* ViewController_old.swift */ = {isa = PBXFileReference; fileEncoding = 4; lastKnownFileType = sourcecode.swift; path = ViewController_old.swift; sourceTree = "<group>"; };
		43E86B2128757789007C8501 /* spin.wav */ = {isa = PBXFileReference; lastKnownFileType = audio.wav; path = spin.wav; sourceTree = "<group>"; };
		43E86B2228757789007C8501 /* win.wav */ = {isa = PBXFileReference; lastKnownFileType = audio.wav; path = win.wav; sourceTree = "<group>"; };
		43E86B2328757789007C8501 /* Model.swift */ = {isa = PBXFileReference; fileEncoding = 4; lastKnownFileType = sourcecode.swift; path = Model.swift; sourceTree = "<group>"; };
		43E86B2428757789007C8501 /* Utils.swift */ = {isa = PBXFileReference; fileEncoding = 4; lastKnownFileType = sourcecode.swift; path = Utils.swift; sourceTree = "<group>"; };
/* End PBXFileReference section */

/* Begin PBXFrameworksBuildPhase section */
		43E86AEA28757457007C8501 /* Frameworks */ = {
			isa = PBXFrameworksBuildPhase;
			buildActionMask = 2147483647;
			files = (
			);
			runOnlyForDeploymentPostprocessing = 0;
		};
		43E86B002875747B007C8501 /* Frameworks */ = {
			isa = PBXFrameworksBuildPhase;
			buildActionMask = 2147483647;
			files = (
			);
			runOnlyForDeploymentPostprocessing = 0;
		};
		43E86B0A2875747B007C8501 /* Frameworks */ = {
			isa = PBXFrameworksBuildPhase;
			buildActionMask = 2147483647;
			files = (
			);
			runOnlyForDeploymentPostprocessing = 0;
		};
/* End PBXFrameworksBuildPhase section */

/* Begin PBXGroup section */
		43E86AE428757456007C8501 = {
			isa = PBXGroup;
			children = (
				43E86AEF28757457007C8501 /* CasinoSpin */,
				43E86B062875747B007C8501 /* CasinoSpinTests */,
				43E86B102875747C007C8501 /* CasinoSpinUITests */,
				43E86AEE28757457007C8501 /* Products */,
			);
			sourceTree = "<group>";
		};
		43E86AEE28757457007C8501 /* Products */ = {
			isa = PBXGroup;
			children = (
				43E86AED28757457007C8501 /* CasinoSpin.app */,
				43E86B032875747B007C8501 /* CasinoSpinTests.xctest */,
				43E86B0D2875747C007C8501 /* CasinoSpinUITests.xctest */,
			);
			name = Products;
			sourceTree = "<group>";
		};
		43E86AEF28757457007C8501 /* CasinoSpin */ = {
			isa = PBXGroup;
			children = (
				43E86B2328757789007C8501 /* Model.swift */,
				43E86B2128757789007C8501 /* spin.wav */,
				43E86B2428757789007C8501 /* Utils.swift */,
				43E86B2028757788007C8501 /* ViewController_old.swift */,
				43E86B2228757789007C8501 /* win.wav */,
				43E86AF028757457007C8501 /* AppDelegate.swift */,
				43E86AF228757457007C8501 /* SceneDelegate.swift */,
				43E86AF428757457007C8501 /* ViewController.swift */,
				43E86AF628757457007C8501 /* Main.storyboard */,
				43E86AF92875747A007C8501 /* Assets.xcassets */,
				43E86AFB2875747A007C8501 /* LaunchScreen.storyboard */,
				43E86AFE2875747A007C8501 /* Info.plist */,
			);
			path = CasinoSpin;
			sourceTree = "<group>";
		};
		43E86B062875747B007C8501 /* CasinoSpinTests */ = {
			isa = PBXGroup;
			children = (
				43E86B072875747B007C8501 /* CasinoSpinTests.swift */,
			);
			path = CasinoSpinTests;
			sourceTree = "<group>";
		};
		43E86B102875747C007C8501 /* CasinoSpinUITests */ = {
			isa = PBXGroup;
			children = (
				43E86B112875747C007C8501 /* CasinoSpinUITests.swift */,
				43E86B132875747C007C8501 /* CasinoSpinUITestsLaunchTests.swift */,
			);
			path = CasinoSpinUITests;
			sourceTree = "<group>";
		};
/* End PBXGroup section */

/* Begin PBXNativeTarget section */
		43E86AEC28757457007C8501 /* CasinoSpin */ = {
			isa = PBXNativeTarget;
			buildConfigurationList = 43E86B172875747C007C8501 /* Build configuration list for PBXNativeTarget "CasinoSpin" */;
			buildPhases = (
				43E86AE928757457007C8501 /* Sources */,
				43E86AEA28757457007C8501 /* Frameworks */,
				43E86AEB28757457007C8501 /* Resources */,
			);
			buildRules = (
			);
			dependencies = (
			);
			name = CasinoSpin;
			productName = CasinoSpin;
			productReference = 43E86AED28757457007C8501 /* CasinoSpin.app */;
			productType = "com.apple.product-type.application";
		};
		43E86B022875747B007C8501 /* CasinoSpinTests */ = {
			isa = PBXNativeTarget;
			buildConfigurationList = 43E86B1A2875747C007C8501 /* Build configuration list for PBXNativeTarget "CasinoSpinTests" */;
			buildPhases = (
				43E86AFF2875747B007C8501 /* Sources */,
				43E86B002875747B007C8501 /* Frameworks */,
				43E86B012875747B007C8501 /* Resources */,
			);
			buildRules = (
			);
			dependencies = (
				43E86B052875747B007C8501 /* PBXTargetDependency */,
			);
			name = CasinoSpinTests;
			productName = CasinoSpinTests;
			productReference = 43E86B032875747B007C8501 /* CasinoSpinTests.xctest */;
			productType = "com.apple.product-type.bundle.unit-test";
		};
		43E86B0C2875747B007C8501 /* CasinoSpinUITests */ = {
			isa = PBXNativeTarget;
			buildConfigurationList = 43E86B1D2875747C007C8501 /* Build configuration list for PBXNativeTarget "CasinoSpinUITests" */;
			buildPhases = (
				43E86B092875747B007C8501 /* Sources */,
				43E86B0A2875747B007C8501 /* Frameworks */,
				43E86B0B2875747B007C8501 /* Resources */,
			);
			buildRules = (
			);
			dependencies = (
				43E86B0F2875747C007C8501 /* PBXTargetDependency */,
			);
			name = CasinoSpinUITests;
			productName = CasinoSpinUITests;
			productReference = 43E86B0D2875747C007C8501 /* CasinoSpinUITests.xctest */;
			productType = "com.apple.product-type.bundle.ui-testing";
		};
/* End PBXNativeTarget section */

/* Begin PBXProject section */
		43E86AE528757456007C8501 /* Project object */ = {
			isa = PBXProject;
			attributes = {
				BuildIndependentTargetsInParallel = 1;
				LastSwiftUpdateCheck = 1330;
				LastUpgradeCheck = 1330;
				TargetAttributes = {
					43E86AEC28757457007C8501 = {
						CreatedOnToolsVersion = 13.3;
					};
					43E86B022875747B007C8501 = {
						CreatedOnToolsVersion = 13.3;
						TestTargetID = 43E86AEC28757457007C8501;
					};
					43E86B0C2875747B007C8501 = {
						CreatedOnToolsVersion = 13.3;
						TestTargetID = 43E86AEC28757457007C8501;
					};
				};
			};
			buildConfigurationList = 43E86AE828757456007C8501 /* Build configuration list for PBXProject "CasinoSpin" */;
			compatibilityVersion = "Xcode 13.0";
			developmentRegion = en;
			hasScannedForEncodings = 0;
			knownRegions = (
				en,
				Base,
			);
			mainGroup = 43E86AE428757456007C8501;
			productRefGroup = 43E86AEE28757457007C8501 /* Products */;
			projectDirPath = "";
			projectRoot = "";
			targets = (
				43E86AEC28757457007C8501 /* CasinoSpin */,
				43E86B022875747B007C8501 /* CasinoSpinTests */,
				43E86B0C2875747B007C8501 /* CasinoSpinUITests */,
			);
		};
/* End PBXProject section */

/* Begin PBXResourcesBuildPhase section */
		43E86AEB28757457007C8501 /* Resources */ = {
			isa = PBXResourcesBuildPhase;
			buildActionMask = 2147483647;
			files = (
				43E86AFD2875747A007C8501 /* LaunchScreen.storyboard in Resources */,
				43E86AFA2875747A007C8501 /* Assets.xcassets in Resources */,
				43E86B262875778A007C8501 /* spin.wav in Resources */,
				43E86B272875778A007C8501 /* win.wav in Resources */,
				43E86AF828757457007C8501 /* Main.storyboard in Resources */,
			);
			runOnlyForDeploymentPostprocessing = 0;
		};
		43E86B012875747B007C8501 /* Resources */ = {
			isa = PBXResourcesBuildPhase;
			buildActionMask = 2147483647;
			files = (
			);
			runOnlyForDeploymentPostprocessing = 0;
		};
		43E86B0B2875747B007C8501 /* Resources */ = {
			isa = PBXResourcesBuildPhase;
			buildActionMask = 2147483647;
			files = (
			);
			runOnlyForDeploymentPostprocessing = 0;
		};
/* End PBXResourcesBuildPhase section */

/* Begin PBXSourcesBuildPhase section */
		43E86AE928757457007C8501 /* Sources */ = {
			isa = PBXSourcesBuildPhase;
			buildActionMask = 2147483647;
			files = (
				43E86B282875778A007C8501 /* Model.swift in Sources */,
				43E86B252875778A007C8501 /* ViewController_old.swift in Sources */,
				43E86AF528757457007C8501 /* ViewController.swift in Sources */,
				43E86AF128757457007C8501 /* AppDelegate.swift in Sources */,
				43E86AF328757457007C8501 /* SceneDelegate.swift in Sources */,
				43E86B292875778A007C8501 /* Utils.swift in Sources */,
			);
			runOnlyForDeploymentPostprocessing = 0;
		};
		43E86AFF2875747B007C8501 /* Sources */ = {
			isa = PBXSourcesBuildPhase;
			buildActionMask = 2147483647;
			files = (
				43E86B082875747B007C8501 /* CasinoSpinTests.swift in Sources */,
			);
			runOnlyForDeploymentPostprocessing = 0;
		};
		43E86B092875747B007C8501 /* Sources */ = {
			isa = PBXSourcesBuildPhase;
			buildActionMask = 2147483647;
			files = (
				43E86B122875747C007C8501 /* CasinoSpinUITests.swift in Sources */,
				43E86B142875747C007C8501 /* CasinoSpinUITestsLaunchTests.swift in Sources */,
			);
			runOnlyForDeploymentPostprocessing = 0;
		};
/* End PBXSourcesBuildPhase section */

/* Begin PBXTargetDependency section */
		43E86B052875747B007C8501 /* PBXTargetDependency */ = {
			isa = PBXTargetDependency;
			target = 43E86AEC28757457007C8501 /* CasinoSpin */;
			targetProxy = 43E86B042875747B007C8501 /* PBXContainerItemProxy */;
		};
		43E86B0F2875747C007C8501 /* PBXTargetDependency */ = {
			isa = PBXTargetDependency;
			target = 43E86AEC28757457007C8501 /* CasinoSpin */;
			targetProxy = 43E86B0E2875747C007C8501 /* PBXContainerItemProxy */;
		};
/* End PBXTargetDependency section */

/* Begin PBXVariantGroup section */
		43E86AF628757457007C8501 /* Main.storyboard */ = {
			isa = PBXVariantGroup;
			children = (
				43E86AF728757457007C8501 /* Base */,
			);
			name = Main.storyboard;
			sourceTree = "<group>";
		};
		43E86AFB2875747A007C8501 /* LaunchScreen.storyboard */ = {
			isa = PBXVariantGroup;
			children = (
				43E86AFC2875747A007C8501 /* Base */,
			);
			name = LaunchScreen.storyboard;
			sourceTree = "<group>";
		};
/* End PBXVariantGroup section */

/* Begin XCBuildConfiguration section */
		43E86B152875747C007C8501 /* Debug */ = {
			isa = XCBuildConfiguration;
			buildSettings = {
				ALWAYS_SEARCH_USER_PATHS = NO;
				CLANG_ANALYZER_NONNULL = YES;
				CLANG_ANALYZER_NUMBER_OBJECT_CONVERSION = YES_AGGRESSIVE;
				CLANG_CXX_LANGUAGE_STANDARD = "gnu++17";
				CLANG_ENABLE_MODULES = YES;
				CLANG_ENABLE_OBJC_ARC = YES;
				CLANG_ENABLE_OBJC_WEAK = YES;
				CLANG_WARN_BLOCK_CAPTURE_AUTORELEASING = YES;
				CLANG_WARN_BOOL_CONVERSION = YES;
				CLANG_WARN_COMMA = YES;
				CLANG_WARN_CONSTANT_CONVERSION = YES;
				CLANG_WARN_DEPRECATED_OBJC_IMPLEMENTATIONS = YES;
				CLANG_WARN_DIRECT_OBJC_ISA_USAGE = YES_ERROR;
				CLANG_WARN_DOCUMENTATION_COMMENTS = YES;
				CLANG_WARN_EMPTY_BODY = YES;
				CLANG_WARN_ENUM_CONVERSION = YES;
				CLANG_WARN_INFINITE_RECURSION = YES;
				CLANG_WARN_INT_CONVERSION = YES;
				CLANG_WARN_NON_LITERAL_NULL_CONVERSION = YES;
				CLANG_WARN_OBJC_IMPLICIT_RETAIN_SELF = YES;
				CLANG_WARN_OBJC_LITERAL_CONVERSION = YES;
				CLANG_WARN_OBJC_ROOT_CLASS = YES_ERROR;
				CLANG_WARN_QUOTED_INCLUDE_IN_FRAMEWORK_HEADER = YES;
				CLANG_WARN_RANGE_LOOP_ANALYSIS = YES;
				CLANG_WARN_STRICT_PROTOTYPES = YES;
				CLANG_WARN_SUSPICIOUS_MOVE = YES;
				CLANG_WARN_UNGUARDED_AVAILABILITY = YES_AGGRESSIVE;
				CLANG_WARN_UNREACHABLE_CODE = YES;
				CLANG_WARN__DUPLICATE_METHOD_MATCH = YES;
				COPY_PHASE_STRIP = NO;
				DEBUG_INFORMATION_FORMAT = dwarf;
				ENABLE_STRICT_OBJC_MSGSEND = YES;
				ENABLE_TESTABILITY = YES;
				GCC_C_LANGUAGE_STANDARD = gnu11;
				GCC_DYNAMIC_NO_PIC = NO;
				GCC_NO_COMMON_BLOCKS = YES;
				GCC_OPTIMIZATION_LEVEL = 0;
				GCC_PREPROCESSOR_DEFINITIONS = (
					"DEBUG=1",
					"$(inherited)",
				);
				GCC_WARN_64_TO_32_BIT_CONVERSION = YES;
				GCC_WARN_ABOUT_RETURN_TYPE = YES_ERROR;
				GCC_WARN_UNDECLARED_SELECTOR = YES;
				GCC_WARN_UNINITIALIZED_AUTOS = YES_AGGRESSIVE;
				GCC_WARN_UNUSED_FUNCTION = YES;
				GCC_WARN_UNUSED_VARIABLE = YES;
				IPHONEOS_DEPLOYMENT_TARGET = 15.4;
				MTL_ENABLE_DEBUG_INFO = INCLUDE_SOURCE;
				MTL_FAST_MATH = YES;
				ONLY_ACTIVE_ARCH = YES;
				SDKROOT = iphoneos;
				SWIFT_ACTIVE_COMPILATION_CONDITIONS = DEBUG;
				SWIFT_OPTIMIZATION_LEVEL = "-Onone";
			};
			name = Debug;
		};
		43E86B162875747C007C8501 /* Release */ = {
			isa = XCBuildConfiguration;
			buildSettings = {
				ALWAYS_SEARCH_USER_PATHS = NO;
				CLANG_ANALYZER_NONNULL = YES;
				CLANG_ANALYZER_NUMBER_OBJECT_CONVERSION = YES_AGGRESSIVE;
				CLANG_CXX_LANGUAGE_STANDARD = "gnu++17";
				CLANG_ENABLE_MODULES = YES;
				CLANG_ENABLE_OBJC_ARC = YES;
				CLANG_ENABLE_OBJC_WEAK = YES;
				CLANG_WARN_BLOCK_CAPTURE_AUTORELEASING = YES;
				CLANG_WARN_BOOL_CONVERSION = YES;
				CLANG_WARN_COMMA = YES;
				CLANG_WARN_CONSTANT_CONVERSION = YES;
				CLANG_WARN_DEPRECATED_OBJC_IMPLEMENTATIONS = YES;
				CLANG_WARN_DIRECT_OBJC_ISA_USAGE = YES_ERROR;
				CLANG_WARN_DOCUMENTATION_COMMENTS = YES;
				CLANG_WARN_EMPTY_BODY = YES;
				CLANG_WARN_ENUM_CONVERSION = YES;
				CLANG_WARN_INFINITE_RECURSION = YES;
				CLANG_WARN_INT_CONVERSION = YES;
				CLANG_WARN_NON_LITERAL_NULL_CONVERSION = YES;
				CLANG_WARN_OBJC_IMPLICIT_RETAIN_SELF = YES;
				CLANG_WARN_OBJC_LITERAL_CONVERSION = YES;
				CLANG_WARN_OBJC_ROOT_CLASS = YES_ERROR;
				CLANG_WARN_QUOTED_INCLUDE_IN_FRAMEWORK_HEADER = YES;
				CLANG_WARN_RANGE_LOOP_ANALYSIS = YES;
				CLANG_WARN_STRICT_PROTOTYPES = YES;
				CLANG_WARN_SUSPICIOUS_MOVE = YES;
				CLANG_WARN_UNGUARDED_AVAILABILITY = YES_AGGRESSIVE;
				CLANG_WARN_UNREACHABLE_CODE = YES;
				CLANG_WARN__DUPLICATE_METHOD_MATCH = YES;
				COPY_PHASE_STRIP = NO;
				DEBUG_INFORMATION_FORMAT = "dwarf-with-dsym";
				ENABLE_NS_ASSERTIONS = NO;
				ENABLE_STRICT_OBJC_MSGSEND = YES;
				GCC_C_LANGUAGE_STANDARD = gnu11;
				GCC_NO_COMMON_BLOCKS = YES;
				GCC_WARN_64_TO_32_BIT_CONVERSION = YES;
				GCC_WARN_ABOUT_RETURN_TYPE = YES_ERROR;
				GCC_WARN_UNDECLARED_SELECTOR = YES;
				GCC_WARN_UNINITIALIZED_AUTOS = YES_AGGRESSIVE;
				GCC_WARN_UNUSED_FUNCTION = YES;
				GCC_WARN_UNUSED_VARIABLE = YES;
				IPHONEOS_DEPLOYMENT_TARGET = 15.4;
				MTL_ENABLE_DEBUG_INFO = NO;
				MTL_FAST_MATH = YES;
				SDKROOT = iphoneos;
				SWIFT_COMPILATION_MODE = wholemodule;
				SWIFT_OPTIMIZATION_LEVEL = "-O";
				VALIDATE_PRODUCT = YES;
			};
			name = Release;
		};
		43E86B182875747C007C8501 /* Debug */ = {
			isa = XCBuildConfiguration;
			buildSettings = {
				ASSETCATALOG_COMPILER_APPICON_NAME = AppIcon;
				ASSETCATALOG_COMPILER_GLOBAL_ACCENT_COLOR_NAME = AccentColor;
				CODE_SIGN_STYLE = Automatic;
				CURRENT_PROJECT_VERSION = 1.0;
				DEVELOPMENT_TEAM = 638BW42L7E;
				GENERATE_INFOPLIST_FILE = YES;
				INFOPLIST_FILE = CasinoSpin/Info.plist;
				INFOPLIST_KEY_UIApplicationSupportsIndirectInputEvents = YES;
				INFOPLIST_KEY_UILaunchStoryboardName = LaunchScreen;
				INFOPLIST_KEY_UIMainStoryboardFile = Main;
				INFOPLIST_KEY_UISupportedInterfaceOrientations_iPad = "UIInterfaceOrientationPortrait UIInterfaceOrientationPortraitUpsideDown UIInterfaceOrientationLandscapeLeft UIInterfaceOrientationLandscapeRight";
				INFOPLIST_KEY_UISupportedInterfaceOrientations_iPhone = "UIInterfaceOrientationPortrait UIInterfaceOrientationLandscapeLeft UIInterfaceOrientationLandscapeRight";
				IPHONEOS_DEPLOYMENT_TARGET = 12.4;
				LD_RUNPATH_SEARCH_PATHS = (
					"$(inherited)",
					"@executable_path/Frameworks",
				);
				MARKETING_VERSION = 1.0;
				PRODUCT_BUNDLE_IDENTIFIER = com.intellidt.CasinoSpinGame;
				PRODUCT_NAME = "$(TARGET_NAME)";
				SWIFT_EMIT_LOC_STRINGS = YES;
				SWIFT_VERSION = 6.0;
				TARGETED_DEVICE_FAMILY = "1,2";
			};
			name = Debug;
		};
		43E86B192875747C007C8501 /* Release */ = {
			isa = XCBuildConfiguration;
			buildSettings = {
				ASSETCATALOG_COMPILER_APPICON_NAME = AppIcon;
				ASSETCATALOG_COMPILER_GLOBAL_ACCENT_COLOR_NAME = AccentColor;
				CODE_SIGN_STYLE = Automatic;
				CURRENT_PROJECT_VERSION = 1.0;
				DEVELOPMENT_TEAM = 638BW42L7E;
				GENERATE_INFOPLIST_FILE = YES;
				INFOPLIST_FILE = CasinoSpin/Info.plist;
				INFOPLIST_KEY_UIApplicationSupportsIndirectInputEvents = YES;
				INFOPLIST_KEY_UILaunchStoryboardName = LaunchScreen;
				INFOPLIST_KEY_UIMainStoryboardFile = Main;
				INFOPLIST_KEY_UISupportedInterfaceOrientations_iPad = "UIInterfaceOrientationPortrait UIInterfaceOrientationPortraitUpsideDown UIInterfaceOrientationLandscapeLeft UIInterfaceOrientationLandscapeRight";
				INFOPLIST_KEY_UISupportedInterfaceOrientations_iPhone = "UIInterfaceOrientationPortrait UIInterfaceOrientationLandscapeLeft UIInterfaceOrientationLandscapeRight";
				IPHONEOS_DEPLOYMENT_TARGET = 12.4;
				LD_RUNPATH_SEARCH_PATHS = (
					"$(inherited)",
					"@executable_path/Frameworks",
				);
				MARKETING_VERSION = 1.0;
				PRODUCT_BUNDLE_IDENTIFIER = com.intellidt.CasinoSpinGame;
				PRODUCT_NAME = "$(TARGET_NAME)";
				SWIFT_EMIT_LOC_STRINGS = YES;
				SWIFT_VERSION = 6.0;
				TARGETED_DEVICE_FAMILY = "1,2";
			};
			name = Release;
		};
		43E86B1B2875747C007C8501 /* Debug */ = {
			isa = XCBuildConfiguration;
			buildSettings = {
				ALWAYS_EMBED_SWIFT_STANDARD_LIBRARIES = YES;
				BUNDLE_LOADER = "$(TEST_HOST)";
				CODE_SIGN_STYLE = Automatic;
				CURRENT_PROJECT_VERSION = 1;
				GENERATE_INFOPLIST_FILE = YES;
				IPHONEOS_DEPLOYMENT_TARGET = 15.4;
				MARKETING_VERSION = 1.0;
				PRODUCT_BUNDLE_IDENTIFIER = com.intellidt.CasinoSpinTests;
				PRODUCT_NAME = "$(TARGET_NAME)";
				SWIFT_EMIT_LOC_STRINGS = NO;
				SWIFT_VERSION = 5.0;
				TARGETED_DEVICE_FAMILY = "1,2";
				TEST_HOST = "$(BUILT_PRODUCTS_DIR)/CasinoSpin.app/CasinoSpin";
			};
			name = Debug;
		};
		43E86B1C2875747C007C8501 /* Release */ = {
			isa = XCBuildConfiguration;
			buildSettings = {
				ALWAYS_EMBED_SWIFT_STANDARD_LIBRARIES = YES;
				BUNDLE_LOADER = "$(TEST_HOST)";
				CODE_SIGN_STYLE = Automatic;
				CURRENT_PROJECT_VERSION = 1;
				GENERATE_INFOPLIST_FILE = YES;
				IPHONEOS_DEPLOYMENT_TARGET = 15.4;
				MARKETING_VERSION = 1.0;
				PRODUCT_BUNDLE_IDENTIFIER = com.intellidt.CasinoSpinTests;
				PRODUCT_NAME = "$(TARGET_NAME)";
				SWIFT_EMIT_LOC_STRINGS = NO;
				SWIFT_VERSION = 5.0;
				TARGETED_DEVICE_FAMILY = "1,2";
				TEST_HOST = "$(BUILT_PRODUCTS_DIR)/CasinoSpin.app/CasinoSpin";
			};
			name = Release;
		};
		43E86B1E2875747C007C8501 /* Debug */ = {
			isa = XCBuildConfiguration;
			buildSettings = {
				ALWAYS_EMBED_SWIFT_STANDARD_LIBRARIES = YES;
				CODE_SIGN_STYLE = Automatic;
				CURRENT_PROJECT_VERSION = 1;
				GENERATE_INFOPLIST_FILE = YES;
				MARKETING_VERSION = 1.0;
				PRODUCT_BUNDLE_IDENTIFIER = com.intellidt.CasinoSpinUITests;
				PRODUCT_NAME = "$(TARGET_NAME)";
				SWIFT_EMIT_LOC_STRINGS = NO;
				SWIFT_VERSION = 5.0;
				TARGETED_DEVICE_FAMILY = "1,2";
				TEST_TARGET_NAME = CasinoSpin;
			};
			name = Debug;
		};
		43E86B1F2875747C007C8501 /* Release */ = {
			isa = XCBuildConfiguration;
			buildSettings = {
				ALWAYS_EMBED_SWIFT_STANDARD_LIBRARIES = YES;
				CODE_SIGN_STYLE = Automatic;
				CURRENT_PROJECT_VERSION = 1;
				GENERATE_INFOPLIST_FILE = YES;
				MARKETING_VERSION = 1.0;
				PRODUCT_BUNDLE_IDENTIFIER = com.intellidt.CasinoSpinUITests;
				PRODUCT_NAME = "$(TARGET_NAME)";
				SWIFT_EMIT_LOC_STRINGS = NO;
				SWIFT_VERSION = 5.0;
				TARGETED_DEVICE_FAMILY = "1,2";
				TEST_TARGET_NAME = CasinoSpin;
			};
			name = Release;
		};
/* End XCBuildConfiguration section */

/* Begin XCConfigurationList section */
		43E86AE828757456007C8501 /* Build configuration list for PBXProject "CasinoSpin" */ = {
			isa = XCConfigurationList;
			buildConfigurations = (
				43E86B152875747C007C8501 /* Debug */,
				43E86B162875747C007C8501 /* Release */,
			);
			defaultConfigurationIsVisible = 0;
			defaultConfigurationName = Release;
		};
		43E86B172875747C007C8501 /* Build configuration list for PBXNativeTarget "CasinoSpin" */ = {
			isa = XCConfigurationList;
			buildConfigurations = (
				43E86B182875747C007C8501 /* Debug */,
				43E86B192875747C007C8501 /* Release */,
			);
			defaultConfigurationIsVisible = 0;
			defaultConfigurationName = Release;
		};
		43E86B1A2875747C007C8501 /* Build configuration list for PBXNativeTarget "CasinoSpinTests" */ = {
			isa = XCConfigurationList;
			buildConfigurations = (
				43E86B1B2875747C007C8501 /* Debug */,
				43E86B1C2875747C007C8501 /* Release */,
			);
			defaultConfigurationIsVisible = 0;
			defaultConfigurationName = Release;
		};
		43E86B1D2875747C007C8501 /* Build configuration list for PBXNativeTarget "CasinoSpinUITests" */ = {
			isa = XCConfigurationList;
			buildConfigurations = (
				43E86B1E2875747C007C8501 /* Debug */,
				43E86B1F2875747C007C8501 /* Release */,
			);
			defaultConfigurationIsVisible = 0;
			defaultConfigurationName = Release;
		};
/* End XCConfigurationList section */
	};
	rootObject = 43E86AE528757456007C8501 /* Project object */;
}
